
Microsoft Visual Studio Solution File, Format Version 12.00
# Visual Studio 14
VisualStudioVersion = 14.0.23107.0
MinimumVisualStudioVersion = 10.0.40219.1
Project("{FAE04EC0-301F-11D3-BF4B-00C04F79EFBC}") = "PMS-API", "PMS-API\PMS-API.csproj", "{32143CAD-2475-4908-913C-C50CDB61067B}"
EndProject
Project("{FAE04EC0-301F-11D3-BF4B-00C04F79EFBC}") = "PMS-API.Tests", "PMS-API.Tests\PMS-API.Tests.csproj", "{74872D9F-B39C-46BB-8913-544774635B3A}"
EndProject
Global
	GlobalSection(SolutionConfigurationPlatforms) = preSolution
		Debug|Any CPU = Debug|Any CPU
		Release|Any CPU = Release|Any CPU
	EndGlobalSection
	GlobalSection(ProjectConfigurationPlatforms) = postSolution
		{32143CAD-2475-4908-913C-C50CDB61067B}.Debug|Any CPU.ActiveCfg = Debug|Any CPU
		{32143CAD-2475-4908-913C-C50CDB61067B}.Debug|Any CPU.Build.0 = Debug|Any CPU
		{32143CAD-2475-4908-913C-C50CDB61067B}.Release|Any CPU.ActiveCfg = Release|Any CPU
		{32143CAD-2475-4908-913C-C50CDB61067B}.Release|Any CPU.Build.0 = Release|Any CPU
		{74872D9F-B39C-46BB-8913-544774635B3A}.Debug|Any CPU.ActiveCfg = Debug|Any CPU
		{74872D9F-B39C-46BB-8913-544774635B3A}.Debug|Any CPU.Build.0 = Debug|Any CPU
		{74872D9F-B39C-46BB-8913-544774635B3A}.Release|Any CPU.ActiveCfg = Release|Any CPU
		{74872D9F-B39C-46BB-8913-544774635B3A}.Release|Any CPU.Build.0 = Release|Any CPU
	EndGlobalSection
	GlobalSection(SolutionProperties) = preSolution
		HideSolutionNode = FALSE
	EndGlobalSection
EndGlobal
